
Microsoft Visual Studio Solution File, Format Version 12.00
# Visual Studio Version 16
VisualStudioVersion = 16.0.31624.102
MinimumVisualStudioVersion = 10.0.40219.1
Project("{9A19103F-16F7-4668-BE54-9A1E7A4F7556}") = "MyLinq.Logic", "MyLinq.Logic\MyLinq.Logic.csproj", "{E552C5BB-75D1-49C8-AC3B-65F13FA0A7AA}"
EndProject
Project("{9A19103F-16F7-4668-BE54-9A1E7A4F7556}") = "MyLinq.ConApp", "MyLinq.ConApp\MyLinq.ConApp.csproj", "{90FB750D-25C0-44D8-A300-B071D174D6E5}"
EndProject
Project("{9A19103F-16F7-4668-BE54-9A1E7A4F7556}") = "MyLinq.Logic.UnitTest", "MyLinq.Logic.UnitTest\MyLinq.Logic.UnitTest.csproj", "{696F007B-C928-40B1-97C3-FC193585394E}"
EndProject
Project("{2150E333-8FDC-42A3-9474-1A3956D46DE8}") = "Solution Items", "Solution Items", "{0D9A3225-0796-4C72-A161-8BE2AC126EFC}"
	ProjectSection(SolutionItems) = preProject
		ReadMe.md = ReadMe.md
	EndProjectSection
EndProject
Global
	GlobalSection(SolutionConfigurationPlatforms) = preSolution
		Debug|Any CPU = Debug|Any CPU
		Release|Any CPU = Release|Any CPU
	EndGlobalSection
	GlobalSection(ProjectConfigurationPlatforms) = postSolution
		{E552C5BB-75D1-49C8-AC3B-65F13FA0A7AA}.Debug|Any CPU.ActiveCfg = Debug|Any CPU
		{E552C5BB-75D1-49C8-AC3B-65F13FA0A7AA}.Debug|Any CPU.Build.0 = Debug|Any CPU
		{E552C5BB-75D1-49C8-AC3B-65F13FA0A7AA}.Release|Any CPU.ActiveCfg = Release|Any CPU
		{E552C5BB-75D1-49C8-AC3B-65F13FA0A7AA}.Release|Any CPU.Build.0 = Release|Any CPU
		{90FB750D-25C0-44D8-A300-B071D174D6E5}.Debug|Any CPU.ActiveCfg = Debug|Any CPU
		{90FB750D-25C0-44D8-A300-B071D174D6E5}.Debug|Any CPU.Build.0 = Debug|Any CPU
		{90FB750D-25C0-44D8-A300-B071D174D6E5}.Release|Any CPU.ActiveCfg = Release|Any CPU
		{90FB750D-25C0-44D8-A300-B071D174D6E5}.Release|Any CPU.Build.0 = Release|Any CPU
		{696F007B-C928-40B1-97C3-FC193585394E}.Debug|Any CPU.ActiveCfg = Debug|Any CPU
		{696F007B-C928-40B1-97C3-FC193585394E}.Debug|Any CPU.Build.0 = Debug|Any CPU
		{696F007B-C928-40B1-97C3-FC193585394E}.Release|Any CPU.ActiveCfg = Release|Any CPU
		{696F007B-C928-40B1-97C3-FC193585394E}.Release|Any CPU.Build.0 = Release|Any CPU
	EndGlobalSection
	GlobalSection(SolutionProperties) = preSolution
		HideSolutionNode = FALSE
	EndGlobalSection
	GlobalSection(ExtensibilityGlobals) = postSolution
		SolutionGuid = {23C4612B-F7CF-4922-B9DB-9869422DC6B1}
	EndGlobalSection
EndGlobal
